
Microsoft Visual Studio Solution File, Format Version 12.00
# Visual Studio 15
VisualStudioVersion = 15.0.33919.361
MinimumVisualStudioVersion = 10.0.40219.1
Project("{F184B08F-C81C-45F6-A57F-5ABD9991F28F}") = "Payroll Calculator", "Payroll Calculator\Payroll Calculator.vbproj", "{2BFD5587-80FE-429C-9BEF-4F80F2F99287}"
EndProject
Global
	GlobalSection(SolutionConfigurationPlatforms) = preSolution
		Debug|Any CPU = Debug|Any CPU
		Release|Any CPU = Release|Any CPU
	EndGlobalSection
	GlobalSection(ProjectConfigurationPlatforms) = postSolution
		{2BFD5587-80FE-429C-9BEF-4F80F2F99287}.Debug|Any CPU.ActiveCfg = Debug|Any CPU
		{2BFD5587-80FE-429C-9BEF-4F80F2F99287}.Debug|Any CPU.Build.0 = Debug|Any CPU
		{2BFD5587-80FE-429C-9BEF-4F80F2F99287}.Release|Any CPU.ActiveCfg = Release|Any CPU
		{2BFD5587-80FE-429C-9BEF-4F80F2F99287}.Release|Any CPU.Build.0 = Release|Any CPU
	EndGlobalSection
	GlobalSection(SolutionProperties) = preSolution
		HideSolutionNode = FALSE
	EndGlobalSection
	GlobalSection(ExtensibilityGlobals) = postSolution
		SolutionGuid = {F7B960E6-BFE9-46AC-B1EC-AD63F7C1A5FC}
	EndGlobalSection
EndGlobal
